
Microsoft Visual Studio Solution File, Format Version 12.00
# Visual Studio Version 17
VisualStudioVersion = 17.7.34221.43
MinimumVisualStudioVersion = 10.0.40219.1
Project("{9A19103F-16F7-4668-BE54-9A1E7A4F7556}") = "AutoCab.Server", "Task2\apz-pzpi-21-1-volovyi-artem-task2\AutoCab.Server\AutoCab.Server.csproj", "{43E77B2E-3715-419C-96CD-54617BA0BACF}"
EndProject
Project("{9A19103F-16F7-4668-BE54-9A1E7A4F7556}") = "AutoCab.Db", "Task2\apz-pzpi-21-1-volovyi-artem-task2\AutoCab.Db\AutoCab.Db.csproj", "{0BD76F86-0189-416C-99F4-003B24D10433}"
EndProject
Project("{9A19103F-16F7-4668-BE54-9A1E7A4F7556}") = "AutoCab.Shared", "Task2\apz-pzpi-21-1-volovyi-artem-task2\AutoCab.Shared\AutoCab.Shared.csproj", "{4EB8E819-F586-44E2-B447-4F36A0BD7ECC}"
EndProject
Project("{54A90642-561A-4BB1-A94E-469ADEE60C69}") = "autocab.client", "Task4\apz-pzpi-21-1-volovyi-artem-task4\autocab.client\autocab.client.esproj", "{B757D623-B292-4485-B8EA-849FA4CD2362}"
EndProject
Global
	GlobalSection(SolutionConfigurationPlatforms) = preSolution
		Debug|Any CPU = Debug|Any CPU
		Release|Any CPU = Release|Any CPU
	EndGlobalSection
	GlobalSection(ProjectConfigurationPlatforms) = postSolution
		{43E77B2E-3715-419C-96CD-54617BA0BACF}.Debug|Any CPU.ActiveCfg = Debug|Any CPU
		{43E77B2E-3715-419C-96CD-54617BA0BACF}.Debug|Any CPU.Build.0 = Debug|Any CPU
		{43E77B2E-3715-419C-96CD-54617BA0BACF}.Release|Any CPU.ActiveCfg = Release|Any CPU
		{43E77B2E-3715-419C-96CD-54617BA0BACF}.Release|Any CPU.Build.0 = Release|Any CPU
		{0BD76F86-0189-416C-99F4-003B24D10433}.Debug|Any CPU.ActiveCfg = Debug|Any CPU
		{0BD76F86-0189-416C-99F4-003B24D10433}.Debug|Any CPU.Build.0 = Debug|Any CPU
		{0BD76F86-0189-416C-99F4-003B24D10433}.Release|Any CPU.ActiveCfg = Release|Any CPU
		{0BD76F86-0189-416C-99F4-003B24D10433}.Release|Any CPU.Build.0 = Release|Any CPU
		{4EB8E819-F586-44E2-B447-4F36A0BD7ECC}.Debug|Any CPU.ActiveCfg = Debug|Any CPU
		{4EB8E819-F586-44E2-B447-4F36A0BD7ECC}.Debug|Any CPU.Build.0 = Debug|Any CPU
		{4EB8E819-F586-44E2-B447-4F36A0BD7ECC}.Release|Any CPU.ActiveCfg = Release|Any CPU
		{4EB8E819-F586-44E2-B447-4F36A0BD7ECC}.Release|Any CPU.Build.0 = Release|Any CPU
		{B757D623-B292-4485-B8EA-849FA4CD2362}.Debug|Any CPU.ActiveCfg = Debug|Any CPU
		{B757D623-B292-4485-B8EA-849FA4CD2362}.Debug|Any CPU.Build.0 = Debug|Any CPU
		{B757D623-B292-4485-B8EA-849FA4CD2362}.Debug|Any CPU.Deploy.0 = Debug|Any CPU
		{B757D623-B292-4485-B8EA-849FA4CD2362}.Release|Any CPU.ActiveCfg = Release|Any CPU
		{B757D623-B292-4485-B8EA-849FA4CD2362}.Release|Any CPU.Build.0 = Release|Any CPU
		{B757D623-B292-4485-B8EA-849FA4CD2362}.Release|Any CPU.Deploy.0 = Release|Any CPU
	EndGlobalSection
	GlobalSection(SolutionProperties) = preSolution
		HideSolutionNode = FALSE
	EndGlobalSection
	GlobalSection(ExtensibilityGlobals) = postSolution
		SolutionGuid = {A5E87B4A-504B-4B50-A356-E913A5DBF4DC}
	EndGlobalSection
EndGlobal
